# Generated by scripts/lock_dependencies.py; no local paths or secrets.
alembic==1.20.0
annotated-doc==0.0.5
annotated-types==0.8.0
anyio==4.15.1
click==8.5.0
colorama==0.4.6
fastapi==0.142.2
greenlet==3.5.6
h11==0.16.0
idna==3.20
mako==1.4.3
markupsafe==3.0.3
numpy==2.5.3
opentelemetry-api==1.45.0
pandas==3.0.6
psycopg==3.3.6
psycopg-binary==3.3.6
pydantic==2.13.5
pydantic-core==2.46.5
pydantic-settings==2.15.0
python-dateutil==2.9.0.post0
python-dotenv==1.2.3
scipy==1.18.1
six==1.17.0
sqlalchemy==2.0.54
starlette==1.7.0
structlog==26.1.0
typing-extensions==4.16.0
typing-inspection==0.4.4
tzdata==2026.4
uvicorn==0.54.0
